
Microsoft Visual Studio Solution File, Format Version 12.00
# Visual Studio Version 17
VisualStudioVersion = 17.4.33205.214
MinimumVisualStudioVersion = 10.0.40219.1
Project("{9A19103F-16F7-4668-BE54-9A1E7A4F7556}") = "VirtualCard", "VirtualCard.csproj", "{640FA72F-C9B6-427D-8E57-7871DF90B362}"
EndProject
Global
	GlobalSection(SolutionConfigurationPlatforms) = preSolution
		Debug|Any CPU = Debug|Any CPU
		Release|Any CPU = Release|Any CPU
	EndGlobalSection
	GlobalSection(ProjectConfigurationPlatforms) = postSolution
		{640FA72F-C9B6-427D-8E57-7871DF90B362}.Debug|Any CPU.ActiveCfg = Debug|Any CPU
		{640FA72F-C9B6-427D-8E57-7871DF90B362}.Debug|Any CPU.Build.0 = Debug|Any CPU
		{640FA72F-C9B6-427D-8E57-7871DF90B362}.Release|Any CPU.ActiveCfg = Release|Any CPU
		{640FA72F-C9B6-427D-8E57-7871DF90B362}.Release|Any CPU.Build.0 = Release|Any CPU
	EndGlobalSection
	GlobalSection(SolutionProperties) = preSolution
		HideSolutionNode = FALSE
	EndGlobalSection
	GlobalSection(ExtensibilityGlobals) = postSolution
		SolutionGuid = {6D254020-A44E-44CD-8139-A5D665FCD9BD}
	EndGlobalSection
EndGlobal
